# This file is generated by running "yarn install" inside your project.
# Manual changes might be lost - proceed with caution!

__metadata:
  version: 4
  cacheKey: 7

"ansi-styles@npm:^4.1.0":
  version: 4.3.0
  resolution: "ansi-styles@npm:4.3.0"
  dependencies:
    color-convert: ^2.0.1
  checksum: ea02c0179f3dd089a161f5fdd7ccd89dd84f31d82b68869f1134bf5c5b9e1313dadd2ff9edb02b44f46243f285ef5b785f6cb61c84a293694221417c42934407
  languageName: node
  linkType: hard

"balanced-match@npm:^1.0.0":
  version: 1.0.2
  resolution: "balanced-match@npm:1.0.2"
  checksum: 690643f3009a04289ac401079de5a780aae452f7625fb2884051cc847b231e6521ee15dd6430b066d3cf4bd8bb00bb7ff55b7d134f34b8f0b8c043806796f94e
  languageName: node
  linkType: hard

"brace-expansion@npm:^1.1.7":
  version: 1.1.11
  resolution: "brace-expansion@npm:1.1.11"
  dependencies:
    balanced-match: ^1.0.0
    concat-map: 0.0.1
  checksum: 4c878e25e4858baf801945dfd63eb68feab2e502cf1122f25f3915c0e3bf397af3a93ff6bef0798db41c0d81ef28c08e55daac38058710f749a3b96eee6b8f40
  languageName: node
  linkType: hard

"camel-case@npm:^4.1.2":
  version: 4.1.2
  resolution: "camel-case@npm:4.1.2"
  dependencies:
    pascal-case: ^3.1.2
    tslib: ^2.0.3
  checksum: 0b8dcfb424c9497e45984b88ef005c66bdf8e877e36365aedfc3cf73182684fde5a14cf2c526579c0351a5f27dc39a00f1edecc25d43606075fea948c504e37f
  languageName: node
  linkType: hard

"capital-case@npm:^1.0.4":
  version: 1.0.4
  resolution: "capital-case@npm:1.0.4"
  dependencies:
    no-case: ^3.0.4
    tslib: ^2.0.3
    upper-case-first: ^2.0.2
  checksum: cce3d8f8f72d04d20e03f3724294edf2e727e71300617357a071cde16972b8f8170d485babf9453928a8fbd145df656d2e0256d6d475859356c78c3849fa12ac
  languageName: node
  linkType: hard

"chalk@npm:^4.0.0":
  version: 4.1.2
  resolution: "chalk@npm:4.1.2"
  dependencies:
    ansi-styles: ^4.1.0
    supports-color: ^7.1.0
  checksum: e3901b97d953991712bf0b941d586175be7ca5da56a97d25187e07453c6b26cae0ac8d9c7aa9e87e7c5c986fff870771b3a8e2705b3becda868829e2e12c2a65
  languageName: node
  linkType: hard

"change-case@npm:^4.1.2":
  version: 4.1.2
  resolution: "change-case@npm:4.1.2"
  dependencies:
    camel-case: ^4.1.2
    capital-case: ^1.0.4
    constant-case: ^3.0.4
    dot-case: ^3.0.4
    header-case: ^2.0.4
    no-case: ^3.0.4
    param-case: ^3.0.4
    pascal-case: ^3.1.2
    path-case: ^3.0.4
    sentence-case: ^3.0.4
    snake-case: ^3.0.4
    tslib: ^2.0.3
  checksum: dfc3d5afcb442b8dfabfd2068d9e845b396f98ba72f4b2c702b8afe935e56d6a0b48281866f91fe77cf669d99bfea6176079d5d1033f6ce574c6a97a5862bcf9
  languageName: node
  linkType: hard

"color-convert@npm:^2.0.1":
  version: 2.0.1
  resolution: "color-convert@npm:2.0.1"
  dependencies:
    color-name: ~1.1.4
  checksum: 3d5d8a011a43012ca11b6d739049ecf2055d95582fd16ec44bf1e685eb0baa5cc652002be8a1dc92b429c8d87418287d0528266a7595cb1ad8a7f4f1d3049df2
  languageName: node
  linkType: hard

"color-name@npm:~1.1.4":
  version: 1.1.4
  resolution: "color-name@npm:1.1.4"
  checksum: 3e1c9a4dee12eada307436f61614dd11fe300469db2b83f80c8b7a7cd8a1015f0f18dd13403f018927b249003777ff60baba4a03c65f12e6bddc0dfd9642021f
  languageName: node
  linkType: hard

"commander@npm:^8.3.0":
  version: 8.3.0
  resolution: "commander@npm:8.3.0"
  checksum: 0b818d97ca9c8ad461ff05f873082af0c1895e49984a2abf1090e4a85c3537c3c0f9921e38314a9de7e71941f00f710c204d3560e3a7bc0b1023eef92d6bbfc0
  languageName: node
  linkType: hard

"concat-map@npm:0.0.1":
  version: 0.0.1
  resolution: "concat-map@npm:0.0.1"
  checksum: 554e28d9ee5aa6e061795473ee092cb3d3a2cbdb76c35416e0bb6e03f136d7d07676da387b2ed0ec4106cedbb6534080d9abc48ecc4a92b76406cf2d0c3c0c4b
  languageName: node
  linkType: hard

"constant-case@npm:^3.0.4":
  version: 3.0.4
  resolution: "constant-case@npm:3.0.4"
  dependencies:
    no-case: ^3.0.4
    tslib: ^2.0.3
    upper-case: ^2.0.2
  checksum: c2ca78e785a0ca46cbb4cb5ea7d64c2ff8e6184ca8a46cab39ec5bedf51a42f22d019d0aaeb00afe0e73e0d6a628d6bd9b85294856047c2fae794934888b8a10
  languageName: node
  linkType: hard

"design-tokens@workspace:.":
  version: 0.0.0-use.local
  resolution: "design-tokens@workspace:."
  dependencies:
    style-dictionary: ^3.7.2
  languageName: unknown
  linkType: soft

"dot-case@npm:^3.0.4":
  version: 3.0.4
  resolution: "dot-case@npm:3.0.4"
  dependencies:
    no-case: ^3.0.4
    tslib: ^2.0.3
  checksum: 2d93626464927f533eaa66ba8c9b3a2dede6a324b5020fb90c46779ed629d50542f642aaac578e035e5cb141473c5f2c50eac232a8d8bf820ab471358d7bf587
  languageName: node
  linkType: hard

"fs-extra@npm:^10.0.0":
  version: 10.1.0
  resolution: "fs-extra@npm:10.1.0"
  dependencies:
    graceful-fs: ^4.2.0
    jsonfile: ^6.0.1
    universalify: ^2.0.0
  checksum: ea286a767c6e1cbfbb0bd48729b8e5e1734d919bf948ec13c1bde18a451ecf4ab9bd65475a031953032a6d740b3e5f48a945e89d5da536ad9876f7c349c9a2a4
  languageName: node
  linkType: hard

"fs.realpath@npm:^1.0.0":
  version: 1.0.0
  resolution: "fs.realpath@npm:1.0.0"
  checksum: 698a91b1695e3926185c9e5b0dd57cf687dceb4eb73799af91e6b2ab741735e2962c366c5af6403ffddae2619914193bd339efa706fdc984d0ffc74b7a3603f4
  languageName: node
  linkType: hard

"glob@npm:^7.2.0":
  version: 7.2.3
  resolution: "glob@npm:7.2.3"
  dependencies:
    fs.realpath: ^1.0.0
    inflight: ^1.0.4
    inherits: 2
    minimatch: ^3.1.1
    once: ^1.3.0
    path-is-absolute: ^1.0.0
  checksum: 48c72ab438f8fc8aa2135d408d8af167d7bacf175b84d87a60d401cbdc50330aeb602cf16868efd4dbdb249117173394c25d49b2f642dd4764813ee6f9458c6c
  languageName: node
  linkType: hard

"graceful-fs@npm:^4.1.6, graceful-fs@npm:^4.2.0":
  version: 4.2.10
  resolution: "graceful-fs@npm:4.2.10"
  checksum: f86679a8a53da3d8f10fd9c81a4e22f8064adf56e10a6fdb6a6aa5e6d05fea0067a99e9959c4b939b4a9c39dad02775d977bff4da9fff07d557aea840f72f0e8
  languageName: node
  linkType: hard

"has-flag@npm:^4.0.0":
  version: 4.0.0
  resolution: "has-flag@npm:4.0.0"
  checksum: 2e5391139d3d287231ccb58659702392f6e3abeac3296fb4721afaff46493f3d9b99a9329ae015dfe973aa206ed5c75f43e86aec0267dce79aa5c2b6e811b3ad
  languageName: node
  linkType: hard

"header-case@npm:^2.0.4":
  version: 2.0.4
  resolution: "header-case@npm:2.0.4"
  dependencies:
    capital-case: ^1.0.4
    tslib: ^2.0.3
  checksum: 1cc640a98a59224db2b1c3ed2ecf2a9755db445b103462d4a30185e825ec6d61fbcc6b607a0d87b6f71b33a9f0080f6900420da528ced5cb661b4de75c36dd4d
  languageName: node
  linkType: hard

"inflight@npm:^1.0.4":
  version: 1.0.6
  resolution: "inflight@npm:1.0.6"
  dependencies:
    once: ^1.3.0
    wrappy: 1
  checksum: 17c53fc42cbe7f7f471d2bc41b97a0cde4b79a74d5ff59997d3f75210566fa278e17596da526d43de2bd07e222706240ce50e60097e54f2cde2e64cbbb372638
  languageName: node
  linkType: hard

"inherits@npm:2":
  version: 2.0.4
  resolution: "inherits@npm:2.0.4"
  checksum: 98426da247ddfc3dcd7d7daedd90c3ca32d5b08deca08949726f12d49232aef94772a07b36cf4ff833e105ae2ef931777f6de4a6dd8245a216b9299ad4a50bea
  languageName: node
  linkType: hard

"json5@npm:^2.2.0":
  version: 2.2.3
  resolution: "json5@npm:2.2.3"
  bin:
    json5: lib/cli.js
  checksum: c6ab786b232e576477f63d9b672ee4b546a181ac732e8cba0603e3e7352ac1fe9287344af1132c76c71613b5f69ce4f9b92ec41a10f51030ab764e015087932a
  languageName: node
  linkType: hard

"jsonc-parser@npm:^3.0.0":
  version: 3.2.0
  resolution: "jsonc-parser@npm:3.2.0"
  checksum: 7abbb7e65cf7a1f54a58765257f773e3cf4cbc19ce952465cf3035b242dbfa0bc62906cd4f9d226c7073ed3a04397644904b6a11fa843a0dac250b8c48f23bb6
  languageName: node
  linkType: hard

"jsonfile@npm:^6.0.1":
  version: 6.1.0
  resolution: "jsonfile@npm:6.1.0"
  dependencies:
    graceful-fs: ^4.1.6
    universalify: ^2.0.0
  dependenciesMeta:
    graceful-fs:
      optional: true
  checksum: 9419c886abc6f8a5088cbb222b7bc17c76e8ee9f6c0e5c38781a4e09488166084f25247bc0b58e025b08c43064c82ae860ad89a992e35fc8cfae639323b7edbc
  languageName: node
  linkType: hard

"lodash@npm:^4.17.15":
  version: 4.17.21
  resolution: "lodash@npm:4.17.21"
  checksum: 4983720b9abca930a4a46f18db163d7dad8dd00dbed6db0cc7b499b33b717cce69f80928b27bbb1ff2cbd3b19d251ee90669a8b5ea466072ca81c2ebe91e7468
  languageName: node
  linkType: hard

"lower-case@npm:^2.0.2":
  version: 2.0.2
  resolution: "lower-case@npm:2.0.2"
  dependencies:
    tslib: ^2.0.3
  checksum: aabaca9cef65f7564a1005b625664527e4d169e363101e65773f8f6ff2fdcf09884a3bc02990cd7a62cf05f3538114af25ee7bef553f1ca3208c8a77ac75cbfa
  languageName: node
  linkType: hard

"minimatch@npm:^3.1.1":
  version: 3.1.2
  resolution: "minimatch@npm:3.1.2"
  dependencies:
    brace-expansion: ^1.1.7
  checksum: 1a7584a6de279285a62c3b0ab2f3effde12566a5df983fb2a4f2eb9262f44238c7e2c692f202b075dc3df79c9a8479a22833cc28c841e98fa3ef989b1ceb264e
  languageName: node
  linkType: hard

"no-case@npm:^3.0.4":
  version: 3.0.4
  resolution: "no-case@npm:3.0.4"
  dependencies:
    lower-case: ^2.0.2
    tslib: ^2.0.3
  checksum: 84db4909caec37504c6655f995a004067f8733be8cd8d849f1578661b60a1685e086325fa4e1a5e8ce94e7416c1d0f037e2a00f635a14457183de80ab4fc7612
  languageName: node
  linkType: hard

"once@npm:^1.3.0":
  version: 1.4.0
  resolution: "once@npm:1.4.0"
  dependencies:
    wrappy: 1
  checksum: 57afc246536cf6494437f982b26475f22bee860f8b77ce8eb1543f42a8bffe04b2c66ddfea9a16cb25ccb80943f8ee4fc639367ef97b7a6a4f2672eb573963f5
  languageName: node
  linkType: hard

"param-case@npm:^3.0.4":
  version: 3.0.4
  resolution: "param-case@npm:3.0.4"
  dependencies:
    dot-case: ^3.0.4
    tslib: ^2.0.3
  checksum: 879358f67167dfe48f4cd5b3c888456b8d7d30daf8bff1e354eece6e8bedb9fb27250bc34fd32390cb9d890677b9b907dcf89808ee3ebcd947d4c1db9f650127
  languageName: node
  linkType: hard

"pascal-case@npm:^3.1.2":
  version: 3.1.2
  resolution: "pascal-case@npm:3.1.2"
  dependencies:
    no-case: ^3.0.4
    tslib: ^2.0.3
  checksum: 31708cecab221482edc81e2bd9b9d8282d72d4f1443b31f39725aa23768c5e42d93c4c014f1bc90f7f074e2a70d5091e4892ea370e550affc9ccf1d33c900bcd
  languageName: node
  linkType: hard

"path-case@npm:^3.0.4":
  version: 3.0.4
  resolution: "path-case@npm:3.0.4"
  dependencies:
    dot-case: ^3.0.4
    tslib: ^2.0.3
  checksum: 4f4a2ac7f621e70a531c7ece246a410ce000f0cd279086f3cbaa9d28fb912f36fb4b4e9f524a535bf1975b6a404a35851c7b463d0453de4b5e0ecf69d4b8aed3
  languageName: node
  linkType: hard

"path-is-absolute@npm:^1.0.0":
  version: 1.0.1
  resolution: "path-is-absolute@npm:1.0.1"
  checksum: 907e1e3e6ac0aef6e65adffd75b3892191d76a5b94c5cf26b43667c4240531d11872ca6979c209b2e5e1609f7f579d02f64ba9936b48bb59d36cc529f0d965ed
  languageName: node
  linkType: hard

"sentence-case@npm:^3.0.4":
  version: 3.0.4
  resolution: "sentence-case@npm:3.0.4"
  dependencies:
    no-case: ^3.0.4
    tslib: ^2.0.3
    upper-case-first: ^2.0.2
  checksum: 39bf70b87190064fdccd357ebd78ea9196a260ee6b87893b5099aa54af92f5a49676fa9f94c7ccf501a3fa0d72e3438237c110022b6cec760d6dd921b1bf16f7
  languageName: node
  linkType: hard

"snake-case@npm:^3.0.4":
  version: 3.0.4
  resolution: "snake-case@npm:3.0.4"
  dependencies:
    dot-case: ^3.0.4
    tslib: ^2.0.3
  checksum: f087328861d81e6476996b837b91f9daaa063fd03cb2f0cd35276c5aaa03e7ac7acfd94721028ae5119193a6fc0a9c91123ea7a43e59650f076dac06428c8bf2
  languageName: node
  linkType: hard

"style-dictionary@npm:^3.7.2":
  version: 3.7.2
  resolution: "style-dictionary@npm:3.7.2"
  dependencies:
    chalk: ^4.0.0
    change-case: ^4.1.2
    commander: ^8.3.0
    fs-extra: ^10.0.0
    glob: ^7.2.0
    json5: ^2.2.0
    jsonc-parser: ^3.0.0
    lodash: ^4.17.15
    tinycolor2: ^1.4.1
  bin:
    style-dictionary: bin/style-dictionary
  checksum: 4d000373127198d7bd623fdc22826b31d5a1fcaca1e5b15ddf3b483233c5a634c12b3e17f0e9b26970192d6ae3903364013e9733b88be20f76ae640edc122606
  languageName: node
  linkType: hard

"supports-color@npm:^7.1.0":
  version: 7.2.0
  resolution: "supports-color@npm:7.2.0"
  dependencies:
    has-flag: ^4.0.0
  checksum: 8e57067c39216f3c2ffce7cc14ca934d54746192571203aa9c9922d97d2d55cc1bdaa9e41a11f91e620670b5a74ebdec6b548a885d8cc2dea7cab59e21416029
  languageName: node
  linkType: hard

"tinycolor2@npm:^1.4.1":
  version: 1.6.0
  resolution: "tinycolor2@npm:1.6.0"
  checksum: ec280aebd00835f044001ac055c562775966b183fde70f4aac2e17cb27922f429a4a6ca7eb3d789d162709d9061cd1ea975a14f3e0e1cd203cbcef92132c68ec
  languageName: node
  linkType: hard

"tslib@npm:^2.0.3":
  version: 2.5.0
  resolution: "tslib@npm:2.5.0"
  checksum: 395dc11850956ac47d9490a5bb890ab6a5249f6aed88a22c91c183e5df9c6af19a51b33c913f7be77836f19e1b3ba52c6c13de910481092ee72b6442f102b1d3
  languageName: node
  linkType: hard

"universalify@npm:^2.0.0":
  version: 2.0.0
  resolution: "universalify@npm:2.0.0"
  checksum: 36bfbdc97bd4b483596e66ea65e20663f5ab9ec3650157d99b075b7f97afcdefe46bbb23f89171dd75595d398cea3769a5b6d7130f5c66cae2a0f00904780f62
  languageName: node
  linkType: hard

"upper-case-first@npm:^2.0.2":
  version: 2.0.2
  resolution: "upper-case-first@npm:2.0.2"
  dependencies:
    tslib: ^2.0.3
  checksum: b485994181366f0aced25ed7e3344ae3bfc06ce5430b4a8ec89a552bf57206a9471705561fa37075ee8a1058b5ebc91570746bf6f74f351aa1ab6156dfad5618
  languageName: node
  linkType: hard

"upper-case@npm:^2.0.2":
  version: 2.0.2
  resolution: "upper-case@npm:2.0.2"
  dependencies:
    tslib: ^2.0.3
  checksum: db9adfeca3ba0ca98f197d8cbf5b97f424c30ac2bb5e672e68033cf2ea747e66d1e2ebc3921e947dad672869c65c6cb5257fe703142bca9c3aeefe802a0bc2e8
  languageName: node
  linkType: hard

"wrappy@npm:1":
  version: 1.0.2
  resolution: "wrappy@npm:1.0.2"
  checksum: 519fcda0fcdf0c16327be2de9d98646742307bc830277e8868529fcf7566f2b330a6453c233e0cdcb767d5838dd61a90984a02ecc983bcddebea5ad0833bbf98
  languageName: node
  linkType: hard
